
Microsoft Visual Studio Solution File, Format Version 12.00
# Visual Studio Version 16
VisualStudioVersion = 16.0.31515.178
MinimumVisualStudioVersion = 10.0.40219.1
Project("{FAE04EC0-301F-11D3-BF4B-00C04F79EFBC}") = "FRP", "FRP\FRP.csproj", "{4A01999B-4956-454D-AD72-3E7641E5A17A}"
EndProject
Global
	GlobalSection(SolutionConfigurationPlatforms) = preSolution
		Debug|Any CPU = Debug|Any CPU
		Release|Any CPU = Release|Any CPU
	EndGlobalSection
	GlobalSection(ProjectConfigurationPlatforms) = postSolution
		{4A01999B-4956-454D-AD72-3E7641E5A17A}.Debug|Any CPU.ActiveCfg = Debug|Any CPU
		{4A01999B-4956-454D-AD72-3E7641E5A17A}.Debug|Any CPU.Build.0 = Debug|Any CPU
		{4A01999B-4956-454D-AD72-3E7641E5A17A}.Release|Any CPU.ActiveCfg = Release|Any CPU
		{4A01999B-4956-454D-AD72-3E7641E5A17A}.Release|Any CPU.Build.0 = Release|Any CPU
	EndGlobalSection
	GlobalSection(SolutionProperties) = preSolution
		HideSolutionNode = FALSE
	EndGlobalSection
	GlobalSection(ExtensibilityGlobals) = postSolution
		SolutionGuid = {40AC174B-ADD4-4A5A-97F1-E5FF38C85484}
	EndGlobalSection
EndGlobal
